
Microsoft Visual Studio Solution File, Format Version 11.00
# Visual Studio 2010
Project("{8BC9CEB8-8B4A-11D0-8D11-00A0C91BC942}") = "SoundToPicture", "SoundToPicture.vcxproj", "{FC9489E8-31A2-4F08-899D-924C0BF62DFA}"
EndProject
Global
	GlobalSection(SolutionConfigurationPlatforms) = preSolution
		Debug|Win32 = Debug|Win32
		Release|Win32 = Release|Win32
	EndGlobalSection
	GlobalSection(ProjectConfigurationPlatforms) = postSolution
		{FC9489E8-31A2-4F08-899D-924C0BF62DFA}.Debug|Win32.ActiveCfg = Debug|Win32
		{FC9489E8-31A2-4F08-899D-924C0BF62DFA}.Debug|Win32.Build.0 = Debug|Win32
		{FC9489E8-31A2-4F08-899D-924C0BF62DFA}.Release|Win32.ActiveCfg = Release|Win32
		{FC9489E8-31A2-4F08-899D-924C0BF62DFA}.Release|Win32.Build.0 = Release|Win32
	EndGlobalSection
	GlobalSection(SolutionProperties) = preSolution
		HideSolutionNode = FALSE
	EndGlobalSection
EndGlobal
